
Microsoft Visual Studio Solution File, Format Version 12.00
# Visual Studio 15
VisualStudioVersion = 15.0.28307.2092
MinimumVisualStudioVersion = 10.0.40219.1
Project("{E24C65DC-7377-472B-9ABA-BC803B73C61A}") = "sigop", "sigop\", "{DA5445D8-1C44-4EF2-A948-51EBA39B3613}"
	ProjectSection(WebsiteProperties) = preProject
		TargetFrameworkMoniker = ".NETFramework,Version%3Dv4.6.1"
		Debug.AspNetCompiler.VirtualPath = "/localhost_51266"
		Debug.AspNetCompiler.PhysicalPath = "sigop\"
		Debug.AspNetCompiler.TargetPath = "PrecompiledWeb\localhost_51266\"
		Debug.AspNetCompiler.Updateable = "true"
		Debug.AspNetCompiler.ForceOverwrite = "true"
		Debug.AspNetCompiler.FixedNames = "false"
		Debug.AspNetCompiler.Debug = "True"
		Release.AspNetCompiler.VirtualPath = "/localhost_51266"
		Release.AspNetCompiler.PhysicalPath = "sigop\"
		Release.AspNetCompiler.TargetPath = "PrecompiledWeb\localhost_51266\"
		Release.AspNetCompiler.Updateable = "true"
		Release.AspNetCompiler.ForceOverwrite = "true"
		Release.AspNetCompiler.FixedNames = "false"
		Release.AspNetCompiler.Debug = "False"
		VWDPort = "51266"
		SlnRelativePath = "sigop\"
		DefaultWebSiteLanguage = "Visual C#"
	EndProjectSection
EndProject
Global
	GlobalSection(SolutionConfigurationPlatforms) = preSolution
		Debug|Any CPU = Debug|Any CPU
	EndGlobalSection
	GlobalSection(ProjectConfigurationPlatforms) = postSolution
		{DA5445D8-1C44-4EF2-A948-51EBA39B3613}.Debug|Any CPU.ActiveCfg = Debug|Any CPU
		{DA5445D8-1C44-4EF2-A948-51EBA39B3613}.Debug|Any CPU.Build.0 = Debug|Any CPU
	EndGlobalSection
	GlobalSection(SolutionProperties) = preSolution
		HideSolutionNode = FALSE
	EndGlobalSection
	GlobalSection(ExtensibilityGlobals) = postSolution
		SolutionGuid = {90DF2D0B-A107-4979-8E85-44B9CAEA2BAB}
	EndGlobalSection
EndGlobal
